
Microsoft Visual Studio Solution File, Format Version 12.00
# Visual Studio Version 17
VisualStudioVersion = 17.4.33213.308
MinimumVisualStudioVersion = 10.0.40219.1
Project("{FAE04EC0-301F-11D3-BF4B-00C04F79EFBC}") = "Training-LeaveManagementWeb", "Training-LeaveManagementWeb.csproj", "{2B798A56-BBE9-4E50-A8C1-A1E01419EEEB}"
EndProject
Global
	GlobalSection(SolutionConfigurationPlatforms) = preSolution
		Debug|Any CPU = Debug|Any CPU
		Release|Any CPU = Release|Any CPU
	EndGlobalSection
	GlobalSection(ProjectConfigurationPlatforms) = postSolution
		{2B798A56-BBE9-4E50-A8C1-A1E01419EEEB}.Debug|Any CPU.ActiveCfg = Debug|Any CPU
		{2B798A56-BBE9-4E50-A8C1-A1E01419EEEB}.Debug|Any CPU.Build.0 = Debug|Any CPU
		{2B798A56-BBE9-4E50-A8C1-A1E01419EEEB}.Release|Any CPU.ActiveCfg = Release|Any CPU
		{2B798A56-BBE9-4E50-A8C1-A1E01419EEEB}.Release|Any CPU.Build.0 = Release|Any CPU
	EndGlobalSection
	GlobalSection(SolutionProperties) = preSolution
		HideSolutionNode = FALSE
	EndGlobalSection
	GlobalSection(ExtensibilityGlobals) = postSolution
		SolutionGuid = {35B9D579-02DE-4F49-A6C0-84A19D67F9B4}
	EndGlobalSection
EndGlobal
